
Microsoft Visual Studio Solution File, Format Version 12.00
# Visual Studio Version 17
VisualStudioVersion = 17.9.34714.143
MinimumVisualStudioVersion = 10.0.40219.1
Project("{9A19103F-16F7-4668-BE54-9A1E7A4F7556}") = "Vou.API", "Vou.API\Vou.API.csproj", "{657B9A02-6D6D-450E-BAE2-1ACDD834E057}"
EndProject
Project("{9A19103F-16F7-4668-BE54-9A1E7A4F7556}") = "Vou.Shared", "Vou.Shared\Vou.Shared.csproj", "{9BEA33D6-444C-4FE6-8539-DDD2835C0A43}"
EndProject
Project("{9A19103F-16F7-4668-BE54-9A1E7A4F7556}") = "Vou.Web", "Vou.Web\Vou.Web.csproj", "{D413568D-5B1E-4FED-B618-02E2C0DB1973}"
EndProject
Global
	GlobalSection(SolutionConfigurationPlatforms) = preSolution
		Debug|Any CPU = Debug|Any CPU
		Release|Any CPU = Release|Any CPU
	EndGlobalSection
	GlobalSection(ProjectConfigurationPlatforms) = postSolution
		{657B9A02-6D6D-450E-BAE2-1ACDD834E057}.Debug|Any CPU.ActiveCfg = Debug|Any CPU
		{657B9A02-6D6D-450E-BAE2-1ACDD834E057}.Debug|Any CPU.Build.0 = Debug|Any CPU
		{657B9A02-6D6D-450E-BAE2-1ACDD834E057}.Release|Any CPU.ActiveCfg = Release|Any CPU
		{657B9A02-6D6D-450E-BAE2-1ACDD834E057}.Release|Any CPU.Build.0 = Release|Any CPU
		{9BEA33D6-444C-4FE6-8539-DDD2835C0A43}.Debug|Any CPU.ActiveCfg = Debug|Any CPU
		{9BEA33D6-444C-4FE6-8539-DDD2835C0A43}.Debug|Any CPU.Build.0 = Debug|Any CPU
		{9BEA33D6-444C-4FE6-8539-DDD2835C0A43}.Release|Any CPU.ActiveCfg = Release|Any CPU
		{9BEA33D6-444C-4FE6-8539-DDD2835C0A43}.Release|Any CPU.Build.0 = Release|Any CPU
		{D413568D-5B1E-4FED-B618-02E2C0DB1973}.Debug|Any CPU.ActiveCfg = Debug|Any CPU
		{D413568D-5B1E-4FED-B618-02E2C0DB1973}.Debug|Any CPU.Build.0 = Debug|Any CPU
		{D413568D-5B1E-4FED-B618-02E2C0DB1973}.Release|Any CPU.ActiveCfg = Release|Any CPU
		{D413568D-5B1E-4FED-B618-02E2C0DB1973}.Release|Any CPU.Build.0 = Release|Any CPU
	EndGlobalSection
	GlobalSection(SolutionProperties) = preSolution
		HideSolutionNode = FALSE
	EndGlobalSection
	GlobalSection(ExtensibilityGlobals) = postSolution
		SolutionGuid = {53FFB5D9-67EE-4CF4-9251-97A06A5933C5}
	EndGlobalSection
EndGlobal
